
Microsoft Visual Studio Solution File, Format Version 12.00
# Visual Studio Version 17
VisualStudioVersion = 17.2.32616.157
MinimumVisualStudioVersion = 10.0.40219.1
Project("{FAE04EC0-301F-11D3-BF4B-00C04F79EFBC}") = "GetMilk.Android", "GetMilk\GetMilk.Android\GetMilk.Android.csproj", "{54A34B07-821F-4B41-A06C-7705596B4108}"
EndProject
Project("{FAE04EC0-301F-11D3-BF4B-00C04F79EFBC}") = "GetMilk.iOS", "GetMilk\GetMilk.iOS\GetMilk.iOS.csproj", "{6D7D0B6D-C896-429E-8877-9CD62BCB8456}"
EndProject
Project("{9A19103F-16F7-4668-BE54-9A1E7A4F7556}") = "GetMilk", "GetMilk\GetMilk\GetMilk.csproj", "{8C2BB7E4-CC3C-4CBC-9E81-03B4C972DFD8}"
EndProject
Global
	GlobalSection(SolutionConfigurationPlatforms) = preSolution
		Debug|Any CPU = Debug|Any CPU
		Debug|iPhone = Debug|iPhone
		Debug|iPhoneSimulator = Debug|iPhoneSimulator
		Release|Any CPU = Release|Any CPU
		Release|iPhone = Release|iPhone
		Release|iPhoneSimulator = Release|iPhoneSimulator
	EndGlobalSection
	GlobalSection(ProjectConfigurationPlatforms) = postSolution
		{54A34B07-821F-4B41-A06C-7705596B4108}.Debug|Any CPU.ActiveCfg = Release|Any CPU
		{54A34B07-821F-4B41-A06C-7705596B4108}.Debug|Any CPU.Build.0 = Release|Any CPU
		{54A34B07-821F-4B41-A06C-7705596B4108}.Debug|Any CPU.Deploy.0 = Release|Any CPU
		{54A34B07-821F-4B41-A06C-7705596B4108}.Debug|iPhone.ActiveCfg = Debug|Any CPU
		{54A34B07-821F-4B41-A06C-7705596B4108}.Debug|iPhone.Build.0 = Debug|Any CPU
		{54A34B07-821F-4B41-A06C-7705596B4108}.Debug|iPhone.Deploy.0 = Debug|Any CPU
		{54A34B07-821F-4B41-A06C-7705596B4108}.Debug|iPhoneSimulator.ActiveCfg = Debug|Any CPU
		{54A34B07-821F-4B41-A06C-7705596B4108}.Debug|iPhoneSimulator.Build.0 = Debug|Any CPU
		{54A34B07-821F-4B41-A06C-7705596B4108}.Debug|iPhoneSimulator.Deploy.0 = Debug|Any CPU
		{54A34B07-821F-4B41-A06C-7705596B4108}.Release|Any CPU.ActiveCfg = Release|Any CPU
		{54A34B07-821F-4B41-A06C-7705596B4108}.Release|Any CPU.Build.0 = Release|Any CPU
		{54A34B07-821F-4B41-A06C-7705596B4108}.Release|Any CPU.Deploy.0 = Release|Any CPU
		{54A34B07-821F-4B41-A06C-7705596B4108}.Release|iPhone.ActiveCfg = Release|Any CPU
		{54A34B07-821F-4B41-A06C-7705596B4108}.Release|iPhone.Build.0 = Release|Any CPU
		{54A34B07-821F-4B41-A06C-7705596B4108}.Release|iPhone.Deploy.0 = Release|Any CPU
		{54A34B07-821F-4B41-A06C-7705596B4108}.Release|iPhoneSimulator.ActiveCfg = Release|Any CPU
		{54A34B07-821F-4B41-A06C-7705596B4108}.Release|iPhoneSimulator.Build.0 = Release|Any CPU
		{54A34B07-821F-4B41-A06C-7705596B4108}.Release|iPhoneSimulator.Deploy.0 = Release|Any CPU
		{6D7D0B6D-C896-429E-8877-9CD62BCB8456}.Debug|Any CPU.ActiveCfg = Release|iPhone
		{6D7D0B6D-C896-429E-8877-9CD62BCB8456}.Debug|Any CPU.Build.0 = Release|iPhone
		{6D7D0B6D-C896-429E-8877-9CD62BCB8456}.Debug|Any CPU.Deploy.0 = Release|iPhone
		{6D7D0B6D-C896-429E-8877-9CD62BCB8456}.Debug|iPhone.ActiveCfg = Debug|iPhone
		{6D7D0B6D-C896-429E-8877-9CD62BCB8456}.Debug|iPhone.Build.0 = Debug|iPhone
		{6D7D0B6D-C896-429E-8877-9CD62BCB8456}.Debug|iPhone.Deploy.0 = Debug|iPhone
		{6D7D0B6D-C896-429E-8877-9CD62BCB8456}.Debug|iPhoneSimulator.ActiveCfg = Debug|iPhoneSimulator
		{6D7D0B6D-C896-429E-8877-9CD62BCB8456}.Debug|iPhoneSimulator.Build.0 = Debug|iPhoneSimulator
		{6D7D0B6D-C896-429E-8877-9CD62BCB8456}.Debug|iPhoneSimulator.Deploy.0 = Debug|iPhoneSimulator
		{6D7D0B6D-C896-429E-8877-9CD62BCB8456}.Release|Any CPU.ActiveCfg = Release|iPhoneSimulator
		{6D7D0B6D-C896-429E-8877-9CD62BCB8456}.Release|Any CPU.Build.0 = Release|iPhoneSimulator
		{6D7D0B6D-C896-429E-8877-9CD62BCB8456}.Release|Any CPU.Deploy.0 = Release|iPhoneSimulator
		{6D7D0B6D-C896-429E-8877-9CD62BCB8456}.Release|iPhone.ActiveCfg = Release|iPhone
		{6D7D0B6D-C896-429E-8877-9CD62BCB8456}.Release|iPhone.Build.0 = Release|iPhone
		{6D7D0B6D-C896-429E-8877-9CD62BCB8456}.Release|iPhone.Deploy.0 = Release|iPhone
		{6D7D0B6D-C896-429E-8877-9CD62BCB8456}.Release|iPhoneSimulator.ActiveCfg = Release|iPhoneSimulator
		{6D7D0B6D-C896-429E-8877-9CD62BCB8456}.Release|iPhoneSimulator.Build.0 = Release|iPhoneSimulator
		{6D7D0B6D-C896-429E-8877-9CD62BCB8456}.Release|iPhoneSimulator.Deploy.0 = Release|iPhoneSimulator
		{8C2BB7E4-CC3C-4CBC-9E81-03B4C972DFD8}.Debug|Any CPU.ActiveCfg = Release|Any CPU
		{8C2BB7E4-CC3C-4CBC-9E81-03B4C972DFD8}.Debug|Any CPU.Build.0 = Release|Any CPU
		{8C2BB7E4-CC3C-4CBC-9E81-03B4C972DFD8}.Debug|Any CPU.Deploy.0 = Release|Any CPU
		{8C2BB7E4-CC3C-4CBC-9E81-03B4C972DFD8}.Debug|iPhone.ActiveCfg = Debug|Any CPU
		{8C2BB7E4-CC3C-4CBC-9E81-03B4C972DFD8}.Debug|iPhone.Build.0 = Debug|Any CPU
		{8C2BB7E4-CC3C-4CBC-9E81-03B4C972DFD8}.Debug|iPhone.Deploy.0 = Debug|Any CPU
		{8C2BB7E4-CC3C-4CBC-9E81-03B4C972DFD8}.Debug|iPhoneSimulator.ActiveCfg = Debug|Any CPU
		{8C2BB7E4-CC3C-4CBC-9E81-03B4C972DFD8}.Debug|iPhoneSimulator.Build.0 = Debug|Any CPU
		{8C2BB7E4-CC3C-4CBC-9E81-03B4C972DFD8}.Debug|iPhoneSimulator.Deploy.0 = Debug|Any CPU
		{8C2BB7E4-CC3C-4CBC-9E81-03B4C972DFD8}.Release|Any CPU.ActiveCfg = Release|Any CPU
		{8C2BB7E4-CC3C-4CBC-9E81-03B4C972DFD8}.Release|Any CPU.Build.0 = Release|Any CPU
		{8C2BB7E4-CC3C-4CBC-9E81-03B4C972DFD8}.Release|Any CPU.Deploy.0 = Release|Any CPU
		{8C2BB7E4-CC3C-4CBC-9E81-03B4C972DFD8}.Release|iPhone.ActiveCfg = Release|Any CPU
		{8C2BB7E4-CC3C-4CBC-9E81-03B4C972DFD8}.Release|iPhone.Build.0 = Release|Any CPU
		{8C2BB7E4-CC3C-4CBC-9E81-03B4C972DFD8}.Release|iPhone.Deploy.0 = Release|Any CPU
		{8C2BB7E4-CC3C-4CBC-9E81-03B4C972DFD8}.Release|iPhoneSimulator.ActiveCfg = Release|Any CPU
		{8C2BB7E4-CC3C-4CBC-9E81-03B4C972DFD8}.Release|iPhoneSimulator.Build.0 = Release|Any CPU
		{8C2BB7E4-CC3C-4CBC-9E81-03B4C972DFD8}.Release|iPhoneSimulator.Deploy.0 = Release|Any CPU
	EndGlobalSection
	GlobalSection(SolutionProperties) = preSolution
		HideSolutionNode = FALSE
	EndGlobalSection
	GlobalSection(ExtensibilityGlobals) = postSolution
		SolutionGuid = {43525B1F-728B-475B-B85A-233116C3CBAB}
	EndGlobalSection
EndGlobal
